hash: 01857b8a3c71f3c108c859486c5dbfcdea9360e5e97887cfa1567e9e346f70c7
updated: 2016-02-26T15:55:18.934708312-05:00
imports:
- name: github.com/appc/acpush
  version: cd91bd9cfdf3a5b54786351501e82120af684ca1
  subpackages:
  - lib
  - Godeps/_workspace/src/github.com/appc/spec/aci
  - Godeps/_workspace/src/github.com/appc/spec/discovery
  - Godeps/_workspace/src/github.com/appc/spec/schema
  - Godeps/_workspace/src/github.com/coreos/ioprogress
  - Godeps/_workspace/src/github.com/appc/spec/pkg/tarheader
  - Godeps/_workspace/src/github.com/appc/spec/schema/types
  - Godeps/_workspace/src/golang.org/x/net/html
  - Godeps/_workspace/src/golang.org/x/net/html/atom
  - Godeps/_workspace/src/golang.org/x/crypto/ssh/terminal
  - Godeps/_workspace/src/github.com/appc/spec/pkg/device
  - Godeps/_workspace/src/github.com/coreos/go-semver/semver
  - Godeps/_workspace/src/k8s.io/kubernetes/pkg/api/resource
  - Godeps/_workspace/src/github.com/spf13/pflag
  - Godeps/_workspace/src/speter.net/go/exp/math/dec/inf
- name: github.com/appc/spec
  version: 0875c991a496fe2b65ed296551c667b199a6bfb8
  subpackages:
  - aci
  - discovery
  - pkg/acirenderer
  - pkg/device
  - pkg/tarheader
  - schema
  - schema/types
  - Godeps/_workspace/src/golang.org/x/net/html
  - Godeps/_workspace/src/golang.org/x/net/html/atom
  - schema/common
  - Godeps/_workspace/src/github.com/coreos/go-semver/semver
  - Godeps/_workspace/src/k8s.io/kubernetes/pkg/api/resource
  - Godeps/_workspace/src/github.com/camlistore/camlistore/pkg/errorutil
  - Godeps/_workspace/src/github.com/spf13/pflag
  - Godeps/_workspace/src/speter.net/go/exp/math/dec/inf
- name: github.com/coreos/go-semver
  version: 6fe83ccda8fb9b7549c9ab4ba47f47858bc950aa
  subpackages:
  - semver
- name: github.com/coreos/ioprogress
  version: 4637e494fd9b23c5565ee193e89f91fdc1639bc0
- name: github.com/coreos/rkt
  version: 60b27260988d7738b6e2e8b6295bb8fddf6b0750
  subpackages:
  - pkg/fileutil
  - pkg/multicall
  - pkg/sys
  - pkg/tar
  - pkg/uid
- name: github.com/hashicorp/errwrap
  version: 7554cd9344cec97297fa6649b055a8c98c2a1e55
- name: github.com/inconshreveable/mousetrap
  version: 76626ae9c91c4f2a10f34cad8ce83ea42c93bb75
- name: github.com/kylelemons/godebug
  version: 21cb3784d9bda523911b96719efba02b7e983256
  subpackages:
  - diff
  - pretty
- name: github.com/spf13/cobra
  version: 66816bcd0378e248c613e3c443c020f544c28804
- name: github.com/spf13/pflag
  version: 67cbc198fd11dab704b214c1e629a97af392c085
- name: github.com/syndtr/gocapability
  version: 8e4cdcb3c22b40d5e330ade0b68cb2e2a3cf6f98
  subpackages:
  - capability
- name: golang.org/x/crypto
  version: a7ead6ddf06233883deca151dffaef2effbf498f
  subpackages:
  - ssh/terminal
- name: golang.org/x/net
  version: 1dfe7915deaf3f80b962c163b918868d8a6d8974
  subpackages:
  - html
- name: k8s.io/kubernetes
  version: cf75b0d023e0815160a1a5d66d3375818ee2afe8
  subpackages:
  - pkg/api/resource
- name: speter.net/go/exp/math/dec/inf
  version: 42ca6cd68aa922bc3f32f1e056e61b65945d9ad7
- name: xi2.org/x/xz
  version: 18c6b7129324841d920ee8dc1ab66ec07054998f
devImports: []
